
Microsoft Visual Studio Solution File, Format Version 12.00
# Visual Studio 14
VisualStudioVersion = 14.0.24720.0
MinimumVisualStudioVersion = 10.0.40219.1
Project("{FAE04EC0-301F-11D3-BF4B-00C04F79EFBC}") = "WebStoryPod", "StoryPod\WebStoryPod.csproj", "{77CF6A5B-74C0-4292-87C3-214AAF86A588}"
EndProject
Project("{FAE04EC0-301F-11D3-BF4B-00C04F79EFBC}") = "webhose", "..\..\..\Visual Studio 2015\Projects\webhose-dotnet-master\webhose\webhose.csproj", "{B1F31BDF-EA67-463D-AB64-B054FEAC4B39}"
EndProject
Global
	GlobalSection(SolutionConfigurationPlatforms) = preSolution
		Debug|Any CPU = Debug|Any CPU
		Release|Any CPU = Release|Any CPU
	EndGlobalSection
	GlobalSection(ProjectConfigurationPlatforms) = postSolution
		{77CF6A5B-74C0-4292-87C3-214AAF86A588}.Debug|Any CPU.ActiveCfg = Debug|Any CPU
		{77CF6A5B-74C0-4292-87C3-214AAF86A588}.Debug|Any CPU.Build.0 = Debug|Any CPU
		{77CF6A5B-74C0-4292-87C3-214AAF86A588}.Release|Any CPU.ActiveCfg = Release|Any CPU
		{77CF6A5B-74C0-4292-87C3-214AAF86A588}.Release|Any CPU.Build.0 = Release|Any CPU
		{B1F31BDF-EA67-463D-AB64-B054FEAC4B39}.Debug|Any CPU.ActiveCfg = Debug|Any CPU
		{B1F31BDF-EA67-463D-AB64-B054FEAC4B39}.Debug|Any CPU.Build.0 = Debug|Any CPU
		{B1F31BDF-EA67-463D-AB64-B054FEAC4B39}.Release|Any CPU.ActiveCfg = Release|Any CPU
		{B1F31BDF-EA67-463D-AB64-B054FEAC4B39}.Release|Any CPU.Build.0 = Release|Any CPU
	EndGlobalSection
	GlobalSection(SolutionProperties) = preSolution
		HideSolutionNode = FALSE
	EndGlobalSection
EndGlobal
